// !$*UTF8*$!
{
	archiveVersion = 1;
	classes = {
	};
	objectVersion = 46;
	objects = {

/* Begin PBXBuildFile section */
		A8106ECE1EE539BA0023652E /* AppDelegate.swift in Sources */ = {isa = PBXBuildFile; fileRef = A8106ECD1EE539BA0023652E /* AppDelegate.swift */; };
		A8106ED01EE539BA0023652E /* ViewController.swift in Sources */ = {isa = PBXBuildFile; fileRef = A8106ECF1EE539BA0023652E /* ViewController.swift */; };
		A8106ED31EE539BA0023652E /* Main.storyboard in Resources */ = {isa = PBXBuildFile; fileRef = A8106ED11EE539BA0023652E /* Main.storyboard */; };
		A8106ED51EE539BA0023652E /* Assets.xcassets in Resources */ = {isa = PBXBuildFile; fileRef = A8106ED41EE539BA0023652E /* Assets.xcassets */; };
		A8106ED81EE539BA0023652E /* LaunchScreen.storyboard in Resources */ = {isa = PBXBuildFile; fileRef = A8106ED61EE539BA0023652E /* LaunchScreen.storyboard */; };
		A8106EE01EE53E750023652E /* Stopwatch.swift in Sources */ = {isa = PBXBuildFile; fileRef = A8106EDF1EE53E750023652E /* Stopwatch.swift */; };
/* End PBXBuildFile section */

/* Begin PBXFileReference section */
		A8106ECA1EE539BA0023652E /* stopwatch.app */ = {isa = PBXFileReference; explicitFileType = wrapper.application; includeInIndex = 0; path = stopwatch.app; sourceTree = BUILT_PRODUCTS_DIR; };
		A8106ECD1EE539BA0023652E /* AppDelegate.swift */ = {isa = PBXFileReference; lastKnownFileType = sourcecode.swift; path = AppDelegate.swift; sourceTree = "<group>"; };
		A8106ECF1EE539BA0023652E /* ViewController.swift */ = {isa = PBXFileReference; lastKnownFileType = sourcecode.swift; path = ViewController.swift; sourceTree = "<group>"; };
		A8106ED21EE539BA0023652E /* Base */ = {isa = PBXFileReference; lastKnownFileType = file.storyboard; name = Base; path = Base.lproj/Main.storyboard; sourceTree = "<group>"; };
		A8106ED41EE539BA0023652E /* Assets.xcassets */ = {isa = PBXFileReference; lastKnownFileType = folder.assetcatalog; path = Assets.xcassets; sourceTree = "<group>"; };
		A8106ED71EE539BA0023652E /* Base */ = {isa = PBXFileReference; lastKnownFileType = file.storyboard; name = Base; path = Base.lproj/LaunchScreen.storyboard; sourceTree = "<group>"; };
		A8106ED91EE539BA0023652E /* Info.plist */ = {isa = PBXFileReference; lastKnownFileType = text.plist.xml; path = Info.plist; sourceTree = "<group>"; };
		A8106EDF1EE53E750023652E /* Stopwatch.swift */ = {isa = PBXFileReference; fileEncoding = 4; lastKnownFileType = sourcecode.swift; path = Stopwatch.swift; sourceTree = "<group>"; };
/* End PBXFileReference section */

/* Begin PBXFrameworksBuildPhase section */
		A8106EC71EE539BA0023652E /* Frameworks */ = {
			isa = PBXFrameworksBuildPhase;
			buildActionMask = 2147483647;
			files = (
			);
			runOnlyForDeploymentPostprocessing = 0;
		};
/* End PBXFrameworksBuildPhase section */

/* Begin PBXGroup section */
		A8106EC11EE539BA0023652E = {
			isa = PBXGroup;
			children = (
				A8106ECC1EE539BA0023652E /* stopwatch */,
				A8106ECB1EE539BA0023652E /* Products */,
			);
			sourceTree = "<group>";
		};
		A8106ECB1EE539BA0023652E /* Products */ = {
			isa = PBXGroup;
			children = (
				A8106ECA1EE539BA0023652E /* stopwatch.app */,
			);
			name = Products;
			sourceTree = "<group>";
		};
		A8106ECC1EE539BA0023652E /* stopwatch */ = {
			isa = PBXGroup;
			children = (
				A8106ECD1EE539BA0023652E /* AppDelegate.swift */,
				A8106ECF1EE539BA0023652E /* ViewController.swift */,
				A8106ED11EE539BA0023652E /* Main.storyboard */,
				A8106EDF1EE53E750023652E /* Stopwatch.swift */,
				A8106ED41EE539BA0023652E /* Assets.xcassets */,
				A8106ED61EE539BA0023652E /* LaunchScreen.storyboard */,
				A8106ED91EE539BA0023652E /* Info.plist */,
			);
			path = stopwatch;
			sourceTree = "<group>";
		};
/* End PBXGroup section */

/* Begin PBXNativeTarget section */
		A8106EC91EE539BA0023652E /* stopwatch */ = {
			isa = PBXNativeTarget;
			buildConfigurationList = A8106EDC1EE539BA0023652E /* Build configuration list for PBXNativeTarget "stopwatch" */;
			buildPhases = (
				A8106EC61EE539BA0023652E /* Sources */,
				A8106EC71EE539BA0023652E /* Frameworks */,
				A8106EC81EE539BA0023652E /* Resources */,
			);
			buildRules = (
			);
			dependencies = (
			);
			name = stopwatch;
			productName = stopwatch;
			productReference = A8106ECA1EE539BA0023652E /* stopwatch.app */;
			productType = "com.apple.product-type.application";
		};
/* End PBXNativeTarget section */

/* Begin PBXProject section */
		A8106EC21EE539BA0023652E /* Project object */ = {
			isa = PBXProject;
			attributes = {
				LastSwiftUpdateCheck = 0830;
				LastUpgradeCheck = 0830;
				ORGANIZATIONNAME = kashif;
				TargetAttributes = {
					A8106EC91EE539BA0023652E = {
						CreatedOnToolsVersion = 8.3.2;
						ProvisioningStyle = Automatic;
					};
				};
			};
			buildConfigurationList = A8106EC51EE539BA0023652E /* Build configuration list for PBXProject "stopwatch" */;
			compatibilityVersion = "Xcode 3.2";
			developmentRegion = English;
			hasScannedForEncodings = 0;
			knownRegions = (
				en,
				Base,
			);
			mainGroup = A8106EC11EE539BA0023652E;
			productRefGroup = A8106ECB1EE539BA0023652E /* Products */;
			projectDirPath = "";
			projectRoot = "";
			targets = (
				A8106EC91EE539BA0023652E /* stopwatch */,
			);
		};
/* End PBXProject section */

/* Begin PBXResourcesBuildPhase section */
		A8106EC81EE539BA0023652E /* Resources */ = {
			isa = PBXResourcesBuildPhase;
			buildActionMask = 2147483647;
			files = (
				A8106ED81EE539BA0023652E /* LaunchScreen.storyboard in Resources */,
				A8106ED51EE539BA0023652E /* Assets.xcassets in Resources */,
				A8106ED31EE539BA0023652E /* Main.storyboard in Resources */,
			);
			runOnlyForDeploymentPostprocessing = 0;
		};
/* End PBXResourcesBuildPhase section */

/* Begin PBXSourcesBuildPhase section */
		A8106EC61EE539BA0023652E /* Sources */ = {
			isa = PBXSourcesBuildPhase;
			buildActionMask = 2147483647;
			files = (
				A8106EE01EE53E750023652E /* Stopwatch.swift in Sources */,
				A8106ED01EE539BA0023652E /* ViewController.swift in Sources */,
				A8106ECE1EE539BA0023652E /* AppDelegate.swift in Sources */,
			);
			runOnlyForDeploymentPostprocessing = 0;
		};
/* End PBXSourcesBuildPhase section */

/* Begin PBXVariantGroup section */
		A8106ED11EE539BA0023652E /* Main.storyboard */ = {
			isa = PBXVariantGroup;
			children = (
				A8106ED21EE539BA0023652E /* Base */,
			);
			name = Main.storyboard;
			sourceTree = "<group>";
		};
		A8106ED61EE539BA0023652E /* LaunchScreen.storyboard */ = {
			isa = PBXVariantGroup;
			children = (
				A8106ED71EE539BA0023652E /* Base */,
			);
			name = LaunchScreen.storyboard;
			sourceTree = "<group>";
		};
/* End PBXVariantGroup section */

/* Begin XCBuildConfiguration section */
		A8106EDA1EE539BA0023652E /* Debug */ = {
			isa = XCBuildConfiguration;
			buildSettings = {
				ALWAYS_SEARCH_USER_PATHS = NO;
				CLANG_ANALYZER_NONNULL = YES;
				CLANG_ANALYZER_NUMBER_OBJECT_CONVERSION = YES_AGGRESSIVE;
				CLANG_CXX_LANGUAGE_STANDARD = "gnu++0x";
				CLANG_CXX_LIBRARY = "libc++";
				CLANG_ENABLE_MODULES = YES;
				CLANG_ENABLE_OBJC_ARC = YES;
				CLANG_WARN_BOOL_CONVERSION = YES;
				CLANG_WARN_CONSTANT_CONVERSION = YES;
				CLANG_WARN_DIRECT_OBJC_ISA_USAGE = YES_ERROR;
				CLANG_WARN_DOCUMENTATION_COMMENTS = YES;
				CLANG_WARN_EMPTY_BODY = YES;
				CLANG_WARN_ENUM_CONVERSION = YES;
				CLANG_WARN_INFINITE_RECURSION = YES;
				CLANG_WARN_INT_CONVERSION = YES;
				CLANG_WARN_OBJC_ROOT_CLASS = YES_ERROR;
				CLANG_WARN_SUSPICIOUS_MOVE = YES;
				CLANG_WARN_UNREACHABLE_CODE = YES;
				CLANG_WARN__DUPLICATE_METHOD_MATCH = YES;
				"CODE_SIGN_IDENTITY[sdk=iphoneos*]" = "iPhone Developer";
				COPY_PHASE_STRIP = NO;
				DEBUG_INFORMATION_FORMAT = dwarf;
				ENABLE_STRICT_OBJC_MSGSEND = YES;
				ENABLE_TESTABILITY = YES;
				GCC_C_LANGUAGE_STANDARD = gnu99;
				GCC_DYNAMIC_NO_PIC = NO;
				GCC_NO_COMMON_BLOCKS = YES;
				GCC_OPTIMIZATION_LEVEL = 0;
				GCC_PREPROCESSOR_DEFINITIONS = (
					"DEBUG=1",
					"$(inherited)",
				);
				GCC_WARN_64_TO_32_BIT_CONVERSION = YES;
				GCC_WARN_ABOUT_RETURN_TYPE = YES_ERROR;
				GCC_WARN_UNDECLARED_SELECTOR = YES;
				GCC_WARN_UNINITIALIZED_AUTOS = YES_AGGRESSIVE;
				GCC_WARN_UNUSED_FUNCTION = YES;
				GCC_WARN_UNUSED_VARIABLE = YES;
				IPHONEOS_DEPLOYMENT_TARGET = 10.3;
				MTL_ENABLE_DEBUG_INFO = YES;
				ONLY_ACTIVE_ARCH = YES;
				SDKROOT = iphoneos;
				SWIFT_ACTIVE_COMPILATION_CONDITIONS = DEBUG;
				SWIFT_OPTIMIZATION_LEVEL = "-Onone";
			};
			name = Debug;
		};
		A8106EDB1EE539BA0023652E /* Release */ = {
			isa = XCBuildConfiguration;
			buildSettings = {
				ALWAYS_SEARCH_USER_PATHS = NO;
				CLANG_ANALYZER_NONNULL = YES;
				CLANG_ANALYZER_NUMBER_OBJECT_CONVERSION = YES_AGGRESSIVE;
				CLANG_CXX_LANGUAGE_STANDARD = "gnu++0x";
				CLANG_CXX_LIBRARY = "libc++";
				CLANG_ENABLE_MODULES = YES;
				CLANG_ENABLE_OBJC_ARC = YES;
				CLANG_WARN_BOOL_CONVERSION = YES;
				CLANG_WARN_CONSTANT_CONVERSION = YES;
				CLANG_WARN_DIRECT_OBJC_ISA_USAGE = YES_ERROR;
				CLANG_WARN_DOCUMENTATION_COMMENTS = YES;
				CLANG_WARN_EMPTY_BODY = YES;
				CLANG_WARN_ENUM_CONVERSION = YES;
				CLANG_WARN_INFINITE_RECURSION = YES;
				CLANG_WARN_INT_CONVERSION = YES;
				CLANG_WARN_OBJC_ROOT_CLASS = YES_ERROR;
				CLANG_WARN_SUSPICIOUS_MOVE = YES;
				CLANG_WARN_UNREACHABLE_CODE = YES;
				CLANG_WARN__DUPLICATE_METHOD_MATCH = YES;
				"CODE_SIGN_IDENTITY[sdk=iphoneos*]" = "iPhone Developer";
				COPY_PHASE_STRIP = NO;
				DEBUG_INFORMATION_FORMAT = "dwarf-with-dsym";
				ENABLE_NS_ASSERTIONS = NO;
				ENABLE_STRICT_OBJC_MSGSEND = YES;
				GCC_C_LANGUAGE_STANDARD = gnu99;
				GCC_NO_COMMON_BLOCKS = YES;
				GCC_WARN_64_TO_32_BIT_CONVERSION = YES;
				GCC_WARN_ABOUT_RETURN_TYPE = YES_ERROR;
				GCC_WARN_UNDECLARED_SELECTOR = YES;
				GCC_WARN_UNINITIALIZED_AUTOS = YES_AGGRESSIVE;
				GCC_WARN_UNUSED_FUNCTION = YES;
				GCC_WARN_UNUSED_VARIABLE = YES;
				IPHONEOS_DEPLOYMENT_TARGET = 10.3;
				MTL_ENABLE_DEBUG_INFO = NO;
				SDKROOT = iphoneos;
				SWIFT_OPTIMIZATION_LEVEL = "-Owholemodule";
				VALIDATE_PRODUCT = YES;
			};
			name = Release;
		};
		A8106EDD1EE539BA0023652E /* Debug */ = {
			isa = XCBuildConfiguration;
			buildSettings = {
				ASSETCATALOG_COMPILER_APPICON_NAME = AppIcon;
				INFOPLIST_FILE = stopwatch/Info.plist;
				LD_RUNPATH_SEARCH_PATHS = "$(inherited) @executable_path/Frameworks";
				PRODUCT_BUNDLE_IDENTIFIER = com.example.stopwatch;
				PRODUCT_NAME = "$(TARGET_NAME)";
				SWIFT_VERSION = 3.0;
			};
			name = Debug;
		};
		A8106EDE1EE539BA0023652E /* Release */ = {
			isa = XCBuildConfiguration;
			buildSettings = {
				ASSETCATALOG_COMPILER_APPICON_NAME = AppIcon;
				INFOPLIST_FILE = stopwatch/Info.plist;
				LD_RUNPATH_SEARCH_PATHS = "$(inherited) @executable_path/Frameworks";
				PRODUCT_BUNDLE_IDENTIFIER = com.example.stopwatch;
				PRODUCT_NAME = "$(TARGET_NAME)";
				SWIFT_VERSION = 3.0;
			};
			name = Release;
		};
/* End XCBuildConfiguration section */

/* Begin XCConfigurationList section */
		A8106EC51EE539BA0023652E /* Build configuration list for PBXProject "stopwatch" */ = {
			isa = XCConfigurationList;
			buildConfigurations = (
				A8106EDA1EE539BA0023652E /* Debug */,
				A8106EDB1EE539BA0023652E /* Release */,
			);
			defaultConfigurationIsVisible = 0;
			defaultConfigurationName = Release;
		};
		A8106EDC1EE539BA0023652E /* Build configuration list for PBXNativeTarget "stopwatch" */ = {
			isa = XCConfigurationList;
			buildConfigurations = (
				A8106EDD1EE539BA0023652E /* Debug */,
				A8106EDE1EE539BA0023652E /* Release */,
			);
			defaultConfigurationIsVisible = 0;
		};
/* End XCConfigurationList section */
	};
	rootObject = A8106EC21EE539BA0023652E /* Project object */;
}
